
Microsoft Visual Studio Solution File, Format Version 12.00
# Visual Studio Version 16
VisualStudioVersion = 16.0.31005.135
MinimumVisualStudioVersion = 10.0.40219.1
Project("{FAE04EC0-301F-11D3-BF4B-00C04F79EFBC}") = "CandyShop", "CandyShop\CandyShop.csproj", "{C759D8DC-664D-4DB5-8307-860B1E526825}"
EndProject
Global
	GlobalSection(SolutionConfigurationPlatforms) = preSolution
		Debug|Any CPU = Debug|Any CPU
		Release|Any CPU = Release|Any CPU
	EndGlobalSection
	GlobalSection(ProjectConfigurationPlatforms) = postSolution
		{C759D8DC-664D-4DB5-8307-860B1E526825}.Debug|Any CPU.ActiveCfg = Debug|Any CPU
		{C759D8DC-664D-4DB5-8307-860B1E526825}.Debug|Any CPU.Build.0 = Debug|Any CPU
		{C759D8DC-664D-4DB5-8307-860B1E526825}.Release|Any CPU.ActiveCfg = Release|Any CPU
		{C759D8DC-664D-4DB5-8307-860B1E526825}.Release|Any CPU.Build.0 = Release|Any CPU
	EndGlobalSection
	GlobalSection(SolutionProperties) = preSolution
		HideSolutionNode = FALSE
	EndGlobalSection
	GlobalSection(ExtensibilityGlobals) = postSolution
		SolutionGuid = {5AD54B98-CB27-4C89-BAD1-33094E9C0290}
	EndGlobalSection
EndGlobal
